
Microsoft Visual Studio Solution File, Format Version 12.00
# Visual Studio 15
VisualStudioVersion = 15.0.28307.489
MinimumVisualStudioVersion = 10.0.40219.1
Project("{FAE04EC0-301F-11D3-BF4B-00C04F79EFBC}") = "Void", "Void.csproj", "{A271D933-01FB-433C-AB7A-B2F5D83D2C51}"
EndProject
Global
	GlobalSection(SolutionConfigurationPlatforms) = preSolution
		Debug|x86 = Debug|x86
		Release|x86 = Release|x86
	EndGlobalSection
	GlobalSection(ProjectConfigurationPlatforms) = postSolution
		{A271D933-01FB-433C-AB7A-B2F5D83D2C51}.Debug|x86.ActiveCfg = Debug|x86
		{A271D933-01FB-433C-AB7A-B2F5D83D2C51}.Debug|x86.Build.0 = Debug|x86
		{A271D933-01FB-433C-AB7A-B2F5D83D2C51}.Release|x86.ActiveCfg = Release|x86
		{A271D933-01FB-433C-AB7A-B2F5D83D2C51}.Release|x86.Build.0 = Release|x86
	EndGlobalSection
	GlobalSection(SolutionProperties) = preSolution
		HideSolutionNode = FALSE
	EndGlobalSection
	GlobalSection(ExtensibilityGlobals) = postSolution
		SolutionGuid = {559B3413-2429-4EBE-A46C-6740E24E470E}
	EndGlobalSection
EndGlobal
